# THIS IS AN AUTOGENERATED FILE. DO NOT EDIT THIS FILE DIRECTLY.
# yarn lockfile v1


actioncable@^5.2.1:
  version "5.2.2"
  resolved "https://registry.yarnpkg.com/actioncable/-/actioncable-5.2.2.tgz#0ec83195fd363c4d91a2fc19f78e77350aa5caac"
  integrity sha512-uZveOQ0OL1z8VwYqA84gMMfLMPHpS/GsnodS8oVh1xTUYeMf1L80gAbTVVVVVj84zUf7lOiIZMaiY0IlXNsgiw==

activestorage@^5.2.1:
  version "5.2.2"
  resolved "https://registry.yarnpkg.com/activestorage/-/activestorage-5.2.2.tgz#035c03f247467c13cd659584833502433099f8f4"
  integrity sha512-mFNTTU21Xf67RhYuBB90uPXKlafPtwy8cxXsKny9roKvkluZkLz6ih3s6VkjK+4cL8+aIGVV39RVIzmy1cfxqw==
  dependencies:
    spark-md5 "^3.0.0"

bootstrap-sass@^3.3.7:
  version "3.3.7"
  resolved "https://registry.yarnpkg.com/bootstrap-sass/-/bootstrap-sass-3.3.7.tgz#6596c7ab40f6637393323ab0bc80d064fc630498"
  integrity sha1-ZZbHq0D2Y3OTMjqwvIDQZPxjBJg=

bootstrap@^3.3:
  version "3.3.7"
  resolved "https://registry.yarnpkg.com/bootstrap/-/bootstrap-3.3.7.tgz#5a389394549f23330875a3b150656574f8a9eb71"
  integrity sha1-WjiTlFSfIzMIdaOxUGVldPip63E=

"bootswatch-sass@file:vendor/bootswatch-sass":
  version "3.3.7"

chart.js@^2.7.3:
  version "2.7.3"
  resolved "https://registry.yarnpkg.com/chart.js/-/chart.js-2.7.3.tgz#cdb61618830bf216dc887e2f7b1b3c228b73c57e"
  integrity sha512-3+7k/DbR92m6BsMUYP6M0dMsMVZpMnwkUyNSAbqolHKsbIzH2Q4LWVEHHYq7v0fmEV8whXE0DrjANulw9j2K5g==
  dependencies:
    chartjs-color "^2.1.0"
    moment "^2.10.2"

chartjs-color-string@^0.5.0:
  version "0.5.0"
  resolved "https://registry.yarnpkg.com/chartjs-color-string/-/chartjs-color-string-0.5.0.tgz#8d3752d8581d86687c35bfe2cb80ac5213ceb8c1"
  integrity sha512-amWNvCOXlOUYxZVDSa0YOab5K/lmEhbFNKI55PWc4mlv28BDzA7zaoQTGxSBgJMHIW+hGX8YUrvw/FH4LyhwSQ==
  dependencies:
    color-name "^1.0.0"

chartjs-color@^2.1.0:
  version "2.2.0"
  resolved "https://registry.yarnpkg.com/chartjs-color/-/chartjs-color-2.2.0.tgz#84a2fb755787ed85c39dd6dd8c7b1d88429baeae"
  integrity sha1-hKL7dVeH7YXDndbdjHsdiEKbrq4=
  dependencies:
    chartjs-color-string "^0.5.0"
    color-convert "^0.5.3"

chartkick@^3.0:
  version "3.0.1"
  resolved "https://registry.yarnpkg.com/chartkick/-/chartkick-3.0.1.tgz#f325041bfc15f5d18074d4803549efc3751ccd81"
  integrity sha512-u9kOAq69BhIl7KZsU3+athnZUdXhivCQeYMoXWTRGZB6Rf17oaBO0LboK+s+yXJ12Uvw6Ua8ryf7Md7dOjpoaQ==

color-convert@^0.5.3:
  version "0.5.3"
  resolved "https://registry.yarnpkg.com/color-convert/-/color-convert-0.5.3.tgz#bdb6c69ce660fadffe0b0007cc447e1b9f7282bd"
  integrity sha1-vbbGnOZg+t/+CwAHzER+G59ygr0=

color-name@^1.0.0:
  version "1.1.4"
  resolved "https://registry.yarnpkg.com/color-name/-/color-name-1.1.4.tgz#c2a09a87acbde69543de6f63fa3995c826c536a2"
  integrity sha512-dOy+3AuW3a2wNbZHIuMZpTcgjGuLU/uBL/ubcZF9OXbDo8ff4O8yVp5Bf0efS8uEoYo5q4Fx7dY9OgQGXgAsQA==

eonasdan-bootstrap-datetimepicker@^4.17.47:
  version "4.17.47"
  resolved "https://registry.yarnpkg.com/eonasdan-bootstrap-datetimepicker/-/eonasdan-bootstrap-datetimepicker-4.17.47.tgz#7a49970044065276e7965efd16f822735219e735"
  integrity sha1-ekmXAEQGUnbnll79Fvgic1IZ5zU=
  dependencies:
    bootstrap "^3.3"
    jquery "^1.8.3 || ^2.0 || ^3.0"
    moment "^2.10"
    moment-timezone "^0.4.0"

file-saver@^2.0.0:
  version "2.0.0"
  resolved "https://registry.yarnpkg.com/file-saver/-/file-saver-2.0.0.tgz#74eef7748159503b60008a15af2f1930fb5df7ab"
  integrity sha512-cYM1ic5DAkg25pHKgi5f10ziAM7RJU37gaH1XQlyNDrtUnzhC/dfoV9zf2OmF0RMKi42jG5B0JWBnPQqyj/G6g==

font-awesome-sass@^4.7.0:
  version "4.7.0"
  resolved "https://registry.yarnpkg.com/font-awesome-sass/-/font-awesome-sass-4.7.0.tgz#4eda693e915009ce00b228e0964dc5eca9bc34e1"
  integrity sha1-TtppPpFQCc4Asijglk3F7Km8NOE=

hamsterjs@^1.1.3:
  version "1.1.3"
  resolved "https://registry.yarnpkg.com/hamsterjs/-/hamsterjs-1.1.3.tgz#4adc6b9100a3fcc7c65fc391debb249901a50df6"
  integrity sha512-q4XBr7hnxx1WyZA8mpVDuZVa1YXaR0WZaFSBxnj8hUXltuqXJOt5yuWYkAbMXsj+q0REDUO990+/TuxEadXFyg==

jquery-pjax@defunkt/jquery-pjax:
  version "2.0.1"
  resolved "https://codeload.github.com/defunkt/jquery-pjax/tar.gz/153262eda33e31119eabb97cd5f14365580a3b35"

jquery-touch-events@benmajor/jQuery-Touch-Events:
  version "2.0.0"
  resolved "https://codeload.github.com/benmajor/jQuery-Touch-Events/tar.gz/05c3931d207069e324aaf908ca87f12257310392"

jquery-ui-touch-punch@^0.2.3:
  version "0.2.3"
  resolved "https://registry.yarnpkg.com/jquery-ui-touch-punch/-/jquery-ui-touch-punch-0.2.3.tgz#eed82242733ba243f46b3e87c1841b308191da68"
  integrity sha1-7tgiQnM7okP0az6HwYQbMIGR2mg=

jquery-ui@^1.12.1:
  version "1.12.1"
  resolved "https://registry.yarnpkg.com/jquery-ui/-/jquery-ui-1.12.1.tgz#bcb4045c8dd0539c134bc1488cdd3e768a7a9e51"
  integrity sha1-vLQEXI3QU5wTS8FIjN0+dop6nlE=

jquery-ujs@rails/jquery-ujs:
  version "1.2.2"
  resolved "https://codeload.github.com/rails/jquery-ujs/tar.gz/9e805c90c8cfc57b39967052e1e9013ccb318cf8"

jquery.iframe-transport@cmlenz/jquery-iframe-transport:
  version "1.0.0"
  resolved "https://codeload.github.com/cmlenz/jquery-iframe-transport/tar.gz/f9a5446f5f8a9d7bc4659ea9c49349b1f585316b"

"jquery@^1.8.3 || ^2.0 || ^3.0", jquery@^3.3.1:
  version "3.3.1"
  resolved "https://registry.yarnpkg.com/jquery/-/jquery-3.3.1.tgz#958ce29e81c9790f31be7792df5d4d95fc57fbca"
  integrity sha512-Ubldcmxp5np52/ENotGxlLe6aGMvmF4R8S6tZjsP6Knsaxd/xp3Zrh50cG93lR6nPXyUFwzN3ZSOQI0wRJNdGg==

js-cookie@^2.2.0:
  version "2.2.0"
  resolved "https://registry.yarnpkg.com/js-cookie/-/js-cookie-2.2.0.tgz#1b2c279a6eece380a12168b92485265b35b1effb"
  integrity sha1-Gywnmm7s44ChIWi5JIUmWzWx7/s=

jstz@^2.1.1:
  version "2.1.1"
  resolved "https://registry.yarnpkg.com/jstz/-/jstz-2.1.1.tgz#fff3373a518fa7cce69299930466f5a2b980389d"
  integrity sha512-8hfl5RD6P7rEeIbzStBz3h4f+BQHfq/ABtoU6gXKQv5OcZhnmrIpG7e1pYaZ8hS9e0mp+bxUj08fnDUbKctYyA==

lazysizes@^4.1.4:
  version "4.1.4"
  resolved "https://registry.yarnpkg.com/lazysizes/-/lazysizes-4.1.4.tgz#1b2974420252e6eab7a6a1e8c8bdcb177a72a06a"
  integrity sha512-jVplgeHHoQ6a2RZtxCAKFAnm6QPQmEIKq4JWSTI1XfCBhn+CqDgMKWDJO81f8VtVBdAlHs+BzP2WGzMLUi3oFg==

lodash@^4.17.19:
  version "4.17.19"
  resolved "https://registry.yarnpkg.com/lodash/-/lodash-4.17.19.tgz#e48ddedbe30b3321783c5b4301fbd353bc1e4a4b"
  integrity sha512-JNvd8XER9GQX0v2qJgsaN/mzFCNA5BRe/j8JN9d+tWyGLSodKQHKFicdwNYzWwI3wjRnaKPsGj1XkBjx/F96DQ==

moment-timezone@^0.4.0:
  version "0.4.1"
  resolved "https://registry.yarnpkg.com/moment-timezone/-/moment-timezone-0.4.1.tgz#81f598c3ad5e22cdad796b67ecd8d88d0f5baa06"
  integrity sha1-gfWYw61eIs2teWtn7NjYjQ9bqgY=
  dependencies:
    moment ">= 2.6.0"

moment-timezone@^0.5.23:
  version "0.5.23"
  resolved "https://registry.yarnpkg.com/moment-timezone/-/moment-timezone-0.5.23.tgz#7cbb00db2c14c71b19303cb47b0fb0a6d8651463"
  integrity sha512-WHFH85DkCfiNMDX5D3X7hpNH3/PUhjTGcD0U1SgfBGZxJ3qUmJh5FdvaFjcClxOvB3rzdfj4oRffbI38jEnC1w==
  dependencies:
    moment ">= 2.9.0"

"moment@>= 2.6.0", "moment@>= 2.9.0", moment@^2.10, moment@^2.10.2, moment@^2.22.2:
  version "2.22.2"
  resolved "https://registry.yarnpkg.com/moment/-/moment-2.22.2.tgz#3c257f9839fc0e93ff53149632239eb90783ff66"
  integrity sha1-PCV/mDn8DpP/UxSWMiOeuQeD/2Y=

nprogress@rstacruz/nprogress:
  version "0.2.0"
  resolved "https://codeload.github.com/rstacruz/nprogress/tar.gz/a0ab16ccdaca501d8d9881a4da1d691f4e6c4dda"

pako@^1.0.7:
  version "1.0.7"
  resolved "https://registry.yarnpkg.com/pako/-/pako-1.0.7.tgz#2473439021b57f1516c82f58be7275ad8ef1bb27"
  integrity sha512-3HNK5tW4x8o5mO8RuHZp3Ydw9icZXx0RANAOMzlMzx7LVXhMJ4mo3MOBpzyd7r/+RUu8BmndP47LXT+vzjtWcQ==

rails-ujs@^5.2.1:
  version "5.2.2"
  resolved "https://registry.yarnpkg.com/rails-ujs/-/rails-ujs-5.2.2.tgz#ab01dd087a323975637b50e93e7afcc0f9068568"
  integrity sha512-tJl7MdysGrQEKmwF7BJkz5XwUOkdnI9E7SvSbT39yO7pdFc96D4hWKm6Sb15pU4n5mt4rLPb/6kkyTQujP1k7Q==

roboto-fontface@^0.8.0:
  version "0.8.0"
  resolved "https://registry.yarnpkg.com/roboto-fontface/-/roboto-fontface-0.8.0.tgz#031a83c8f79932801a57d83bf743f37250163499"
  integrity sha512-ZYzRkETgBrdEGzL5JSKimvjI2CX7ioyZCkX2BpcfyjqI+079W0wHAyj5W4rIZMcDSOHgLZtgz1IdDi/vU77KEQ==

signature_pad@^2.3:
  version "2.3.2"
  resolved "https://registry.yarnpkg.com/signature_pad/-/signature_pad-2.3.2.tgz#ca7230021c89cedeead27b33d8d16ff254e5f04a"
  integrity sha512-peYXLxOsIY6MES2TrRLDiNg2T++8gGbpP2yaC+6Ohtxr+a2dzoaqWosWDY9sWqTAAk6E/TyQO+LJw9zQwyu5kA==

spark-md5@^3.0.0:
  version "3.0.0"
  resolved "https://registry.yarnpkg.com/spark-md5/-/spark-md5-3.0.0.tgz#3722227c54e2faf24b1dc6d933cc144e6f71bfef"
  integrity sha1-NyIifFTi+vJLHcbZM8wUTm9xv+8=
